
Microsoft Visual Studio Solution File, Format Version 12.00
# Visual Studio Version 17
VisualStudioVersion = 17.0.31521.260
MinimumVisualStudioVersion = 10.0.40219.1
Project("{FAE04EC0-301F-11D3-BF4B-00C04F79EFBC}") = "MatchGame", "MatchGame\MatchGame.csproj", "{E14FF1CD-0826-4F64-A187-41A80E444C33}"
EndProject
Global
	GlobalSection(SolutionConfigurationPlatforms) = preSolution
		Debug|Any CPU = Debug|Any CPU
		Release|Any CPU = Release|Any CPU
	EndGlobalSection
	GlobalSection(ProjectConfigurationPlatforms) = postSolution
		{E14FF1CD-0826-4F64-A187-41A80E444C33}.Debug|Any CPU.ActiveCfg = Debug|Any CPU
		{E14FF1CD-0826-4F64-A187-41A80E444C33}.Debug|Any CPU.Build.0 = Debug|Any CPU
		{E14FF1CD-0826-4F64-A187-41A80E444C33}.Release|Any CPU.ActiveCfg = Release|Any CPU
		{E14FF1CD-0826-4F64-A187-41A80E444C33}.Release|Any CPU.Build.0 = Release|Any CPU
	EndGlobalSection
	GlobalSection(SolutionProperties) = preSolution
		HideSolutionNode = FALSE
	EndGlobalSection
	GlobalSection(ExtensibilityGlobals) = postSolution
		SolutionGuid = {335404AD-B5A9-47C3-80E4-543FAF1D72C1}
	EndGlobalSection
EndGlobal
